
Microsoft Visual Studio Solution File, Format Version 12.00
# Visual Studio Version 16
VisualStudioVersion = 25.0.1700.0
MinimumVisualStudioVersion = 10.0.40219.1
Project("{FAE04EC0-301F-11D3-BF4B-00C04F79EFBC}") = "Demo.SiganlR.Chat", "Demo.SiganlR.Chat\Demo.SiganlR.Chat.csproj", "{8A823A51-F859-47F1-B08C-7C7F1CA2A0C3}"
EndProject
Global
	GlobalSection(SolutionConfigurationPlatforms) = preSolution
		Debug|Any CPU = Debug|Any CPU
		Release|Any CPU = Release|Any CPU
	EndGlobalSection
	GlobalSection(ProjectConfigurationPlatforms) = postSolution
		{8A823A51-F859-47F1-B08C-7C7F1CA2A0C3}.Debug|Any CPU.ActiveCfg = Debug|Any CPU
		{8A823A51-F859-47F1-B08C-7C7F1CA2A0C3}.Debug|Any CPU.Build.0 = Debug|Any CPU
		{8A823A51-F859-47F1-B08C-7C7F1CA2A0C3}.Release|Any CPU.ActiveCfg = Release|Any CPU
		{8A823A51-F859-47F1-B08C-7C7F1CA2A0C3}.Release|Any CPU.Build.0 = Release|Any CPU
	EndGlobalSection
	GlobalSection(SolutionProperties) = preSolution
		HideSolutionNode = FALSE
	EndGlobalSection
	GlobalSection(ExtensibilityGlobals) = postSolution
		SolutionGuid = {CD140176-7038-47C2-A54D-0B87E1BF8A59}
	EndGlobalSection
EndGlobal
